
Microsoft Visual Studio Solution File, Format Version 12.00
# Visual Studio 15
VisualStudioVersion = 15.0.27130.2024
MinimumVisualStudioVersion = 10.0.40219.1
Project("{FAE04EC0-301F-11D3-BF4B-00C04F79EFBC}") = "CodeJam2018", "CodeJam2018\CodeJam2018.csproj", "{E16AF906-3D3D-4272-9D8A-B5CCA4F66B6E}"
EndProject
Project("{FAE04EC0-301F-11D3-BF4B-00C04F79EFBC}") = "ConsoleApp1", "ConsoleApp1\ConsoleApp1.csproj", "{4E3B37D7-B083-4349-9725-E11FDD5D0DDA}"
EndProject
Global
	GlobalSection(SolutionConfigurationPlatforms) = preSolution
		Debug|Any CPU = Debug|Any CPU
		Release|Any CPU = Release|Any CPU
	EndGlobalSection
	GlobalSection(ProjectConfigurationPlatforms) = postSolution
		{E16AF906-3D3D-4272-9D8A-B5CCA4F66B6E}.Debug|Any CPU.ActiveCfg = Debug|Any CPU
		{E16AF906-3D3D-4272-9D8A-B5CCA4F66B6E}.Debug|Any CPU.Build.0 = Debug|Any CPU
		{E16AF906-3D3D-4272-9D8A-B5CCA4F66B6E}.Release|Any CPU.ActiveCfg = Release|Any CPU
		{E16AF906-3D3D-4272-9D8A-B5CCA4F66B6E}.Release|Any CPU.Build.0 = Release|Any CPU
		{4E3B37D7-B083-4349-9725-E11FDD5D0DDA}.Debug|Any CPU.ActiveCfg = Debug|Any CPU
		{4E3B37D7-B083-4349-9725-E11FDD5D0DDA}.Debug|Any CPU.Build.0 = Debug|Any CPU
		{4E3B37D7-B083-4349-9725-E11FDD5D0DDA}.Release|Any CPU.ActiveCfg = Release|Any CPU
		{4E3B37D7-B083-4349-9725-E11FDD5D0DDA}.Release|Any CPU.Build.0 = Release|Any CPU
	EndGlobalSection
	GlobalSection(SolutionProperties) = preSolution
		HideSolutionNode = FALSE
	EndGlobalSection
	GlobalSection(ExtensibilityGlobals) = postSolution
		SolutionGuid = {9BD1F57F-DBCE-4662-81DD-AF4B41F8B34D}
	EndGlobalSection
EndGlobal
